// !$*UTF8*$!
{
	archiveVersion = 1;
	classes = {
	};
	objectVersion = 46;
	objects = {

/* Begin PBXBuildFile section */
		6DB43E191F61922000D6B262 /* AppDelegate.swift in Sources */ = {isa = PBXBuildFile; fileRef = 6DB43E181F61922000D6B262 /* AppDelegate.swift */; };
		6DB43E1B1F61922000D6B262 /* ViewController.swift in Sources */ = {isa = PBXBuildFile; fileRef = 6DB43E1A1F61922000D6B262 /* ViewController.swift */; };
		6DB43E1E1F61922000D6B262 /* Main.storyboard in Resources */ = {isa = PBXBuildFile; fileRef = 6DB43E1C1F61922000D6B262 /* Main.storyboard */; };
		6DB43E201F61922000D6B262 /* Assets.xcassets in Resources */ = {isa = PBXBuildFile; fileRef = 6DB43E1F1F61922000D6B262 /* Assets.xcassets */; };
		6DB43E231F61922000D6B262 /* LaunchScreen.storyboard in Resources */ = {isa = PBXBuildFile; fileRef = 6DB43E211F61922000D6B262 /* LaunchScreen.storyboard */; };
/* End PBXBuildFile section */

/* Begin PBXFileReference section */
		6DB43E151F61922000D6B262 /* ColorPickers.app */ = {isa = PBXFileReference; explicitFileType = wrapper.application; includeInIndex = 0; path = ColorPickers.app; sourceTree = BUILT_PRODUCTS_DIR; };
		6DB43E181F61922000D6B262 /* AppDelegate.swift */ = {isa = PBXFileReference; lastKnownFileType = sourcecode.swift; path = AppDelegate.swift; sourceTree = "<group>"; };
		6DB43E1A1F61922000D6B262 /* ViewController.swift */ = {isa = PBXFileReference; lastKnownFileType = sourcecode.swift; path = ViewController.swift; sourceTree = "<group>"; };
		6DB43E1D1F61922000D6B262 /* Base */ = {isa = PBXFileReference; lastKnownFileType = file.storyboard; name = Base; path = Base.lproj/Main.storyboard; sourceTree = "<group>"; };
		6DB43E1F1F61922000D6B262 /* Assets.xcassets */ = {isa = PBXFileReference; lastKnownFileType = folder.assetcatalog; path = Assets.xcassets; sourceTree = "<group>"; };
		6DB43E221F61922000D6B262 /* Base */ = {isa = PBXFileReference; lastKnownFileType = file.storyboard; name = Base; path = Base.lproj/LaunchScreen.storyboard; sourceTree = "<group>"; };
		6DB43E241F61922000D6B262 /* Info.plist */ = {isa = PBXFileReference; lastKnownFileType = text.plist.xml; path = Info.plist; sourceTree = "<group>"; };
/* End PBXFileReference section */

/* Begin PBXFrameworksBuildPhase section */
		6DB43E121F61922000D6B262 /* Frameworks */ = {
			isa = PBXFrameworksBuildPhase;
			buildActionMask = 2147483647;
			files = (
			);
			runOnlyForDeploymentPostprocessing = 0;
		};
/* End PBXFrameworksBuildPhase section */

/* Begin PBXGroup section */
		6DB43E0C1F61922000D6B262 = {
			isa = PBXGroup;
			children = (
				6DB43E171F61922000D6B262 /* ColorPickers */,
				6DB43E161F61922000D6B262 /* Products */,
			);
			sourceTree = "<group>";
		};
		6DB43E161F61922000D6B262 /* Products */ = {
			isa = PBXGroup;
			children = (
				6DB43E151F61922000D6B262 /* ColorPickers.app */,
			);
			name = Products;
			sourceTree = "<group>";
		};
		6DB43E171F61922000D6B262 /* ColorPickers */ = {
			isa = PBXGroup;
			children = (
				6DB43E181F61922000D6B262 /* AppDelegate.swift */,
				6DB43E1A1F61922000D6B262 /* ViewController.swift */,
				6DB43E1C1F61922000D6B262 /* Main.storyboard */,
				6DB43E1F1F61922000D6B262 /* Assets.xcassets */,
				6DB43E211F61922000D6B262 /* LaunchScreen.storyboard */,
				6DB43E241F61922000D6B262 /* Info.plist */,
			);
			path = ColorPickers;
			sourceTree = "<group>";
		};
/* End PBXGroup section */

/* Begin PBXNativeTarget section */
		6DB43E141F61922000D6B262 /* ColorPickers */ = {
			isa = PBXNativeTarget;
			buildConfigurationList = 6DB43E271F61922000D6B262 /* Build configuration list for PBXNativeTarget "ColorPickers" */;
			buildPhases = (
				6DB43E111F61922000D6B262 /* Sources */,
				6DB43E121F61922000D6B262 /* Frameworks */,
				6DB43E131F61922000D6B262 /* Resources */,
			);
			buildRules = (
			);
			dependencies = (
			);
			name = ColorPickers;
			productName = ColorPickers;
			productReference = 6DB43E151F61922000D6B262 /* ColorPickers.app */;
			productType = "com.apple.product-type.application";
		};
/* End PBXNativeTarget section */

/* Begin PBXProject section */
		6DB43E0D1F61922000D6B262 /* Project object */ = {
			isa = PBXProject;
			attributes = {
				LastSwiftUpdateCheck = 0800;
				LastUpgradeCheck = 0800;
				ORGANIZATIONNAME = com.arichafamily;
				TargetAttributes = {
					6DB43E141F61922000D6B262 = {
						CreatedOnToolsVersion = 8.0;
						ProvisioningStyle = Automatic;
					};
				};
			};
			buildConfigurationList = 6DB43E101F61922000D6B262 /* Build configuration list for PBXProject "ColorPickers" */;
			compatibilityVersion = "Xcode 3.2";
			developmentRegion = English;
			hasScannedForEncodings = 0;
			knownRegions = (
				en,
				Base,
			);
			mainGroup = 6DB43E0C1F61922000D6B262;
			productRefGroup = 6DB43E161F61922000D6B262 /* Products */;
			projectDirPath = "";
			projectRoot = "";
			targets = (
				6DB43E141F61922000D6B262 /* ColorPickers */,
			);
		};
/* End PBXProject section */

/* Begin PBXResourcesBuildPhase section */
		6DB43E131F61922000D6B262 /* Resources */ = {
			isa = PBXResourcesBuildPhase;
			buildActionMask = 2147483647;
			files = (
				6DB43E231F61922000D6B262 /* LaunchScreen.storyboard in Resources */,
				6DB43E201F61922000D6B262 /* Assets.xcassets in Resources */,
				6DB43E1E1F61922000D6B262 /* Main.storyboard in Resources */,
			);
			runOnlyForDeploymentPostprocessing = 0;
		};
/* End PBXResourcesBuildPhase section */

/* Begin PBXSourcesBuildPhase section */
		6DB43E111F61922000D6B262 /* Sources */ = {
			isa = PBXSourcesBuildPhase;
			buildActionMask = 2147483647;
			files = (
				6DB43E1B1F61922000D6B262 /* ViewController.swift in Sources */,
				6DB43E191F61922000D6B262 /* AppDelegate.swift in Sources */,
			);
			runOnlyForDeploymentPostprocessing = 0;
		};
/* End PBXSourcesBuildPhase section */

/* Begin PBXVariantGroup section */
		6DB43E1C1F61922000D6B262 /* Main.storyboard */ = {
			isa = PBXVariantGroup;
			children = (
				6DB43E1D1F61922000D6B262 /* Base */,
			);
			name = Main.storyboard;
			sourceTree = "<group>";
		};
		6DB43E211F61922000D6B262 /* LaunchScreen.storyboard */ = {
			isa = PBXVariantGroup;
			children = (
				6DB43E221F61922000D6B262 /* Base */,
			);
			name = LaunchScreen.storyboard;
			sourceTree = "<group>";
		};
/* End PBXVariantGroup section */

/* Begin XCBuildConfiguration section */
		6DB43E251F61922000D6B262 /* Debug */ = {
			isa = XCBuildConfiguration;
			buildSettings = {
				ALWAYS_SEARCH_USER_PATHS = NO;
				CLANG_ANALYZER_NONNULL = YES;
				CLANG_CXX_LANGUAGE_STANDARD = "gnu++0x";
				CLANG_CXX_LIBRARY = "libc++";
				CLANG_ENABLE_MODULES = YES;
				CLANG_ENABLE_OBJC_ARC = YES;
				CLANG_WARN_BOOL_CONVERSION = YES;
				CLANG_WARN_CONSTANT_CONVERSION = YES;
				CLANG_WARN_DIRECT_OBJC_ISA_USAGE = YES_ERROR;
				CLANG_WARN_DOCUMENTATION_COMMENTS = YES;
				CLANG_WARN_EMPTY_BODY = YES;
				CLANG_WARN_ENUM_CONVERSION = YES;
				CLANG_WARN_INFINITE_RECURSION = YES;
				CLANG_WARN_INT_CONVERSION = YES;
				CLANG_WARN_OBJC_ROOT_CLASS = YES_ERROR;
				CLANG_WARN_SUSPICIOUS_MOVES = YES;
				CLANG_WARN_UNREACHABLE_CODE = YES;
				CLANG_WARN__DUPLICATE_METHOD_MATCH = YES;
				"CODE_SIGN_IDENTITY[sdk=iphoneos*]" = "iPhone Developer";
				COPY_PHASE_STRIP = NO;
				DEBUG_INFORMATION_FORMAT = dwarf;
				ENABLE_STRICT_OBJC_MSGSEND = YES;
				ENABLE_TESTABILITY = YES;
				GCC_C_LANGUAGE_STANDARD = gnu99;
				GCC_DYNAMIC_NO_PIC = NO;
				GCC_NO_COMMON_BLOCKS = YES;
				GCC_OPTIMIZATION_LEVEL = 0;
				GCC_PREPROCESSOR_DEFINITIONS = (
					"DEBUG=1",
					"$(inherited)",
				);
				GCC_WARN_64_TO_32_BIT_CONVERSION = YES;
				GCC_WARN_ABOUT_RETURN_TYPE = YES_ERROR;
				GCC_WARN_UNDECLARED_SELECTOR = YES;
				GCC_WARN_UNINITIALIZED_AUTOS = YES_AGGRESSIVE;
				GCC_WARN_UNUSED_FUNCTION = YES;
				GCC_WARN_UNUSED_VARIABLE = YES;
				IPHONEOS_DEPLOYMENT_TARGET = 10.0;
				MTL_ENABLE_DEBUG_INFO = YES;
				ONLY_ACTIVE_ARCH = YES;
				SDKROOT = iphoneos;
				SWIFT_ACTIVE_COMPILATION_CONDITIONS = DEBUG;
				SWIFT_OPTIMIZATION_LEVEL = "-Onone";
				TARGETED_DEVICE_FAMILY = "1,2";
			};
			name = Debug;
		};
		6DB43E261F61922000D6B262 /* Release */ = {
			isa = XCBuildConfiguration;
			buildSettings = {
				ALWAYS_SEARCH_USER_PATHS = NO;
				CLANG_ANALYZER_NONNULL = YES;
				CLANG_CXX_LANGUAGE_STANDARD = "gnu++0x";
				CLANG_CXX_LIBRARY = "libc++";
				CLANG_ENABLE_MODULES = YES;
				CLANG_ENABLE_OBJC_ARC = YES;
				CLANG_WARN_BOOL_CONVERSION = YES;
				CLANG_WARN_CONSTANT_CONVERSION = YES;
				CLANG_WARN_DIRECT_OBJC_ISA_USAGE = YES_ERROR;
				CLANG_WARN_DOCUMENTATION_COMMENTS = YES;
				CLANG_WARN_EMPTY_BODY = YES;
				CLANG_WARN_ENUM_CONVERSION = YES;
				CLANG_WARN_INFINITE_RECURSION = YES;
				CLANG_WARN_INT_CONVERSION = YES;
				CLANG_WARN_OBJC_ROOT_CLASS = YES_ERROR;
				CLANG_WARN_SUSPICIOUS_MOVES = YES;
				CLANG_WARN_UNREACHABLE_CODE = YES;
				CLANG_WARN__DUPLICATE_METHOD_MATCH = YES;
				"CODE_SIGN_IDENTITY[sdk=iphoneos*]" = "iPhone Developer";
				COPY_PHASE_STRIP = NO;
				DEBUG_INFORMATION_FORMAT = "dwarf-with-dsym";
				ENABLE_NS_ASSERTIONS = NO;
				ENABLE_STRICT_OBJC_MSGSEND = YES;
				GCC_C_LANGUAGE_STANDARD = gnu99;
				GCC_NO_COMMON_BLOCKS = YES;
				GCC_WARN_64_TO_32_BIT_CONVERSION = YES;
				GCC_WARN_ABOUT_RETURN_TYPE = YES_ERROR;
				GCC_WARN_UNDECLARED_SELECTOR = YES;
				GCC_WARN_UNINITIALIZED_AUTOS = YES_AGGRESSIVE;
				GCC_WARN_UNUSED_FUNCTION = YES;
				GCC_WARN_UNUSED_VARIABLE = YES;
				IPHONEOS_DEPLOYMENT_TARGET = 10.0;
				MTL_ENABLE_DEBUG_INFO = NO;
				SDKROOT = iphoneos;
				SWIFT_OPTIMIZATION_LEVEL = "-Owholemodule";
				TARGETED_DEVICE_FAMILY = "1,2";
				VALIDATE_PRODUCT = YES;
			};
			name = Release;
		};
		6DB43E281F61922000D6B262 /* Debug */ = {
			isa = XCBuildConfiguration;
			buildSettings = {
				ASSETCATALOG_COMPILER_APPICON_NAME = AppIcon;
				INFOPLIST_FILE = ColorPickers/Info.plist;
				LD_RUNPATH_SEARCH_PATHS = "$(inherited) @executable_path/Frameworks";
				PRODUCT_BUNDLE_IDENTIFIER = com.arichafamily.ColorPickers;
				PRODUCT_NAME = "$(TARGET_NAME)";
				SWIFT_VERSION = 3.0;
			};
			name = Debug;
		};
		6DB43E291F61922000D6B262 /* Release */ = {
			isa = XCBuildConfiguration;
			buildSettings = {
				ASSETCATALOG_COMPILER_APPICON_NAME = AppIcon;
				INFOPLIST_FILE = ColorPickers/Info.plist;
				LD_RUNPATH_SEARCH_PATHS = "$(inherited) @executable_path/Frameworks";
				PRODUCT_BUNDLE_IDENTIFIER = com.arichafamily.ColorPickers;
				PRODUCT_NAME = "$(TARGET_NAME)";
				SWIFT_VERSION = 3.0;
			};
			name = Release;
		};
/* End XCBuildConfiguration section */

/* Begin XCConfigurationList section */
		6DB43E101F61922000D6B262 /* Build configuration list for PBXProject "ColorPickers" */ = {
			isa = XCConfigurationList;
			buildConfigurations = (
				6DB43E251F61922000D6B262 /* Debug */,
				6DB43E261F61922000D6B262 /* Release */,
			);
			defaultConfigurationIsVisible = 0;
			defaultConfigurationName = Release;
		};
		6DB43E271F61922000D6B262 /* Build configuration list for PBXNativeTarget "ColorPickers" */ = {
			isa = XCConfigurationList;
			buildConfigurations = (
				6DB43E281F61922000D6B262 /* Debug */,
				6DB43E291F61922000D6B262 /* Release */,
			);
			defaultConfigurationIsVisible = 0;
		};
/* End XCConfigurationList section */
	};
	rootObject = 6DB43E0D1F61922000D6B262 /* Project object */;
}
